
Microsoft Visual Studio Solution File, Format Version 12.00
# Visual Studio 15
Project("{FAE04EC0-301F-11D3-BF4B-00C04F79EFBC}") = "my-new-app", "my-new-app.csproj", "{3E0214D5-2A2F-482C-9070-1A950DF47B1E}"
EndProject
Global
	GlobalSection(SolutionConfigurationPlatforms) = preSolution
		Debug|Any CPU = Debug|Any CPU
		Release|Any CPU = Release|Any CPU
	EndGlobalSection
	GlobalSection(ProjectConfigurationPlatforms) = postSolution
		{3E0214D5-2A2F-482C-9070-1A950DF47B1E}.Debug|Any CPU.ActiveCfg = Debug|Any CPU
		{3E0214D5-2A2F-482C-9070-1A950DF47B1E}.Debug|Any CPU.Build.0 = Debug|Any CPU
		{3E0214D5-2A2F-482C-9070-1A950DF47B1E}.Release|Any CPU.ActiveCfg = Release|Any CPU
		{3E0214D5-2A2F-482C-9070-1A950DF47B1E}.Release|Any CPU.Build.0 = Release|Any CPU
	EndGlobalSection
EndGlobal
